
Microsoft Visual Studio Solution File, Format Version 12.00
# Visual Studio Version 17
VisualStudioVersion = 17.14.37614.0 d17.14
MinimumVisualStudioVersion = 10.0.40219.1
Project("{FAE04EC0-301F-11D3-BF4B-00C04F79EFBC}") = "MotorControlSystem", "MotorControlSystem.csproj", "{536F1F7C-DF63-400E-8078-2D46693B7F49}"
EndProject
Global
	GlobalSection(SolutionConfigurationPlatforms) = preSolution
		Debug|Any CPU = Debug|Any CPU
		Release|Any CPU = Release|Any CPU
	EndGlobalSection
	GlobalSection(ProjectConfigurationPlatforms) = postSolution
		{536F1F7C-DF63-400E-8078-2D46693B7F49}.Debug|Any CPU.ActiveCfg = Debug|Any CPU
		{536F1F7C-DF63-400E-8078-2D46693B7F49}.Debug|Any CPU.Build.0 = Debug|Any CPU
		{536F1F7C-DF63-400E-8078-2D46693B7F49}.Release|Any CPU.ActiveCfg = Release|Any CPU
		{536F1F7C-DF63-400E-8078-2D46693B7F49}.Release|Any CPU.Build.0 = Release|Any CPU
	EndGlobalSection
	GlobalSection(SolutionProperties) = preSolution
		HideSolutionNode = FALSE
	EndGlobalSection
	GlobalSection(ExtensibilityGlobals) = postSolution
		SolutionGuid = {3368C907-01BD-4988-9DDA-58E75AECE8F9}
	EndGlobalSection
EndGlobal
